// !$*UTF8*$!
{
	archiveVersion = 1;
	classes = {
	};
	objectVersion = 46;
	objects = {

/* Begin PBXBuildFile section */
		844D16751C27A8270025DBD8 /* AppDelegate.swift in Sources */ = {isa = PBXBuildFile; fileRef = 844D16741C27A8270025DBD8 /* AppDelegate.swift */; };
		844D16771C27A8270025DBD8 /* ViewController.swift in Sources */ = {isa = PBXBuildFile; fileRef = 844D16761C27A8270025DBD8 /* ViewController.swift */; };
		844D167A1C27A8270025DBD8 /* Main.storyboard in Resources */ = {isa = PBXBuildFile; fileRef = 844D16781C27A8270025DBD8 /* Main.storyboard */; };
		844D167C1C27A8270025DBD8 /* Assets.xcassets in Resources */ = {isa = PBXBuildFile; fileRef = 844D167B1C27A8270025DBD8 /* Assets.xcassets */; };
		844D167F1C27A8270025DBD8 /* LaunchScreen.storyboard in Resources */ = {isa = PBXBuildFile; fileRef = 844D167D1C27A8270025DBD8 /* LaunchScreen.storyboard */; };
/* End PBXBuildFile section */

/* Begin PBXFileReference section */
		844D16711C27A8270025DBD8 /* iOsNube-Uno.app */ = {isa = PBXFileReference; explicitFileType = wrapper.application; includeInIndex = 0; path = "iOsNube-Uno.app"; sourceTree = BUILT_PRODUCTS_DIR; };
		844D16741C27A8270025DBD8 /* AppDelegate.swift */ = {isa = PBXFileReference; lastKnownFileType = sourcecode.swift; path = AppDelegate.swift; sourceTree = "<group>"; };
		844D16761C27A8270025DBD8 /* ViewController.swift */ = {isa = PBXFileReference; lastKnownFileType = sourcecode.swift; path = ViewController.swift; sourceTree = "<group>"; };
		844D16791C27A8270025DBD8 /* Base */ = {isa = PBXFileReference; lastKnownFileType = file.storyboard; name = Base; path = Base.lproj/Main.storyboard; sourceTree = "<group>"; };
		844D167B1C27A8270025DBD8 /* Assets.xcassets */ = {isa = PBXFileReference; lastKnownFileType = folder.assetcatalog; path = Assets.xcassets; sourceTree = "<group>"; };
		844D167E1C27A8270025DBD8 /* Base */ = {isa = PBXFileReference; lastKnownFileType = file.storyboard; name = Base; path = Base.lproj/LaunchScreen.storyboard; sourceTree = "<group>"; };
		844D16801C27A8270025DBD8 /* Info.plist */ = {isa = PBXFileReference; lastKnownFileType = text.plist.xml; path = Info.plist; sourceTree = "<group>"; };
/* End PBXFileReference section */

/* Begin PBXFrameworksBuildPhase section */
		844D166E1C27A8270025DBD8 /* Frameworks */ = {
			isa = PBXFrameworksBuildPhase;
			buildActionMask = 2147483647;
			files = (
			);
			runOnlyForDeploymentPostprocessing = 0;
		};
/* End PBXFrameworksBuildPhase section */

/* Begin PBXGroup section */
		844D16681C27A8270025DBD8 = {
			isa = PBXGroup;
			children = (
				844D16731C27A8270025DBD8 /* iOsNube-Uno */,
				844D16721C27A8270025DBD8 /* Products */,
			);
			sourceTree = "<group>";
		};
		844D16721C27A8270025DBD8 /* Products */ = {
			isa = PBXGroup;
			children = (
				844D16711C27A8270025DBD8 /* iOsNube-Uno.app */,
			);
			name = Products;
			sourceTree = "<group>";
		};
		844D16731C27A8270025DBD8 /* iOsNube-Uno */ = {
			isa = PBXGroup;
			children = (
				844D16741C27A8270025DBD8 /* AppDelegate.swift */,
				844D16761C27A8270025DBD8 /* ViewController.swift */,
				844D16781C27A8270025DBD8 /* Main.storyboard */,
				844D167B1C27A8270025DBD8 /* Assets.xcassets */,
				844D167D1C27A8270025DBD8 /* LaunchScreen.storyboard */,
				844D16801C27A8270025DBD8 /* Info.plist */,
			);
			path = "iOsNube-Uno";
			sourceTree = "<group>";
		};
/* End PBXGroup section */

/* Begin PBXNativeTarget section */
		844D16701C27A8270025DBD8 /* iOsNube-Uno */ = {
			isa = PBXNativeTarget;
			buildConfigurationList = 844D16831C27A8270025DBD8 /* Build configuration list for PBXNativeTarget "iOsNube-Uno" */;
			buildPhases = (
				844D166D1C27A8270025DBD8 /* Sources */,
				844D166E1C27A8270025DBD8 /* Frameworks */,
				844D166F1C27A8270025DBD8 /* Resources */,
			);
			buildRules = (
			);
			dependencies = (
			);
			name = "iOsNube-Uno";
			productName = "iOsNube-Uno";
			productReference = 844D16711C27A8270025DBD8 /* iOsNube-Uno.app */;
			productType = "com.apple.product-type.application";
		};
/* End PBXNativeTarget section */

/* Begin PBXProject section */
		844D16691C27A8270025DBD8 /* Project object */ = {
			isa = PBXProject;
			attributes = {
				LastSwiftUpdateCheck = 0720;
				LastUpgradeCheck = 0720;
				ORGANIZATIONNAME = mbsoft;
				TargetAttributes = {
					844D16701C27A8270025DBD8 = {
						CreatedOnToolsVersion = 7.2;
						DevelopmentTeam = ZXHJNYSKW4;
					};
				};
			};
			buildConfigurationList = 844D166C1C27A8270025DBD8 /* Build configuration list for PBXProject "iOsNube-Uno" */;
			compatibilityVersion = "Xcode 3.2";
			developmentRegion = English;
			hasScannedForEncodings = 0;
			knownRegions = (
				en,
				Base,
			);
			mainGroup = 844D16681C27A8270025DBD8;
			productRefGroup = 844D16721C27A8270025DBD8 /* Products */;
			projectDirPath = "";
			projectRoot = "";
			targets = (
				844D16701C27A8270025DBD8 /* iOsNube-Uno */,
			);
		};
/* End PBXProject section */

/* Begin PBXResourcesBuildPhase section */
		844D166F1C27A8270025DBD8 /* Resources */ = {
			isa = PBXResourcesBuildPhase;
			buildActionMask = 2147483647;
			files = (
				844D167F1C27A8270025DBD8 /* LaunchScreen.storyboard in Resources */,
				844D167C1C27A8270025DBD8 /* Assets.xcassets in Resources */,
				844D167A1C27A8270025DBD8 /* Main.storyboard in Resources */,
			);
			runOnlyForDeploymentPostprocessing = 0;
		};
/* End PBXResourcesBuildPhase section */

/* Begin PBXSourcesBuildPhase section */
		844D166D1C27A8270025DBD8 /* Sources */ = {
			isa = PBXSourcesBuildPhase;
			buildActionMask = 2147483647;
			files = (
				844D16771C27A8270025DBD8 /* ViewController.swift in Sources */,
				844D16751C27A8270025DBD8 /* AppDelegate.swift in Sources */,
			);
			runOnlyForDeploymentPostprocessing = 0;
		};
/* End PBXSourcesBuildPhase section */

/* Begin PBXVariantGroup section */
		844D16781C27A8270025DBD8 /* Main.storyboard */ = {
			isa = PBXVariantGroup;
			children = (
				844D16791C27A8270025DBD8 /* Base */,
			);
			name = Main.storyboard;
			sourceTree = "<group>";
		};
		844D167D1C27A8270025DBD8 /* LaunchScreen.storyboard */ = {
			isa = PBXVariantGroup;
			children = (
				844D167E1C27A8270025DBD8 /* Base */,
			);
			name = LaunchScreen.storyboard;
			sourceTree = "<group>";
		};
/* End PBXVariantGroup section */

/* Begin XCBuildConfiguration section */
		844D16811C27A8270025DBD8 /* Debug */ = {
			isa = XCBuildConfiguration;
			buildSettings = {
				ALWAYS_SEARCH_USER_PATHS = NO;
				CLANG_CXX_LANGUAGE_STANDARD = "gnu++0x";
				CLANG_CXX_LIBRARY = "libc++";
				CLANG_ENABLE_MODULES = YES;
				CLANG_ENABLE_OBJC_ARC = YES;
				CLANG_WARN_BOOL_CONVERSION = YES;
				CLANG_WARN_CONSTANT_CONVERSION = YES;
				CLANG_WARN_DIRECT_OBJC_ISA_USAGE = YES_ERROR;
				CLANG_WARN_EMPTY_BODY = YES;
				CLANG_WARN_ENUM_CONVERSION = YES;
				CLANG_WARN_INT_CONVERSION = YES;
				CLANG_WARN_OBJC_ROOT_CLASS = YES_ERROR;
				CLANG_WARN_UNREACHABLE_CODE = YES;
				CLANG_WARN__DUPLICATE_METHOD_MATCH = YES;
				"CODE_SIGN_IDENTITY[sdk=iphoneos*]" = "iPhone Developer";
				COPY_PHASE_STRIP = NO;
				DEBUG_INFORMATION_FORMAT = dwarf;
				ENABLE_STRICT_OBJC_MSGSEND = YES;
				ENABLE_TESTABILITY = YES;
				GCC_C_LANGUAGE_STANDARD = gnu99;
				GCC_DYNAMIC_NO_PIC = NO;
				GCC_NO_COMMON_BLOCKS = YES;
				GCC_OPTIMIZATION_LEVEL = 0;
				GCC_PREPROCESSOR_DEFINITIONS = (
					"DEBUG=1",
					"$(inherited)",
				);
				GCC_WARN_64_TO_32_BIT_CONVERSION = YES;
				GCC_WARN_ABOUT_RETURN_TYPE = YES_ERROR;
				GCC_WARN_UNDECLARED_SELECTOR = YES;
				GCC_WARN_UNINITIALIZED_AUTOS = YES_AGGRESSIVE;
				GCC_WARN_UNUSED_FUNCTION = YES;
				GCC_WARN_UNUSED_VARIABLE = YES;
				IPHONEOS_DEPLOYMENT_TARGET = 9.2;
				MTL_ENABLE_DEBUG_INFO = YES;
				ONLY_ACTIVE_ARCH = YES;
				SDKROOT = iphoneos;
				SWIFT_OPTIMIZATION_LEVEL = "-Onone";
				TARGETED_DEVICE_FAMILY = "1,2";
			};
			name = Debug;
		};
		844D16821C27A8270025DBD8 /* Release */ = {
			isa = XCBuildConfiguration;
			buildSettings = {
				ALWAYS_SEARCH_USER_PATHS = NO;
				CLANG_CXX_LANGUAGE_STANDARD = "gnu++0x";
				CLANG_CXX_LIBRARY = "libc++";
				CLANG_ENABLE_MODULES = YES;
				CLANG_ENABLE_OBJC_ARC = YES;
				CLANG_WARN_BOOL_CONVERSION = YES;
				CLANG_WARN_CONSTANT_CONVERSION = YES;
				CLANG_WARN_DIRECT_OBJC_ISA_USAGE = YES_ERROR;
				CLANG_WARN_EMPTY_BODY = YES;
				CLANG_WARN_ENUM_CONVERSION = YES;
				CLANG_WARN_INT_CONVERSION = YES;
				CLANG_WARN_OBJC_ROOT_CLASS = YES_ERROR;
				CLANG_WARN_UNREACHABLE_CODE = YES;
				CLANG_WARN__DUPLICATE_METHOD_MATCH = YES;
				"CODE_SIGN_IDENTITY[sdk=iphoneos*]" = "iPhone Developer";
				COPY_PHASE_STRIP = NO;
				DEBUG_INFORMATION_FORMAT = "dwarf-with-dsym";
				ENABLE_NS_ASSERTIONS = NO;
				ENABLE_STRICT_OBJC_MSGSEND = YES;
				GCC_C_LANGUAGE_STANDARD = gnu99;
				GCC_NO_COMMON_BLOCKS = YES;
				GCC_WARN_64_TO_32_BIT_CONVERSION = YES;
				GCC_WARN_ABOUT_RETURN_TYPE = YES_ERROR;
				GCC_WARN_UNDECLARED_SELECTOR = YES;
				GCC_WARN_UNINITIALIZED_AUTOS = YES_AGGRESSIVE;
				GCC_WARN_UNUSED_FUNCTION = YES;
				GCC_WARN_UNUSED_VARIABLE = YES;
				IPHONEOS_DEPLOYMENT_TARGET = 9.2;
				MTL_ENABLE_DEBUG_INFO = NO;
				SDKROOT = iphoneos;
				TARGETED_DEVICE_FAMILY = "1,2";
				VALIDATE_PRODUCT = YES;
			};
			name = Release;
		};
		844D16841C27A8270025DBD8 /* Debug */ = {
			isa = XCBuildConfiguration;
			buildSettings = {
				ASSETCATALOG_COMPILER_APPICON_NAME = AppIcon;
				INFOPLIST_FILE = "iOsNube-Uno/Info.plist";
				LD_RUNPATH_SEARCH_PATHS = "$(inherited) @executable_path/Frameworks";
				PRODUCT_BUNDLE_IDENTIFIER = "com.mbsoft.iOsNube-Uno";
				PRODUCT_NAME = "$(TARGET_NAME)";
			};
			name = Debug;
		};
		844D16851C27A8270025DBD8 /* Release */ = {
			isa = XCBuildConfiguration;
			buildSettings = {
				ASSETCATALOG_COMPILER_APPICON_NAME = AppIcon;
				INFOPLIST_FILE = "iOsNube-Uno/Info.plist";
				LD_RUNPATH_SEARCH_PATHS = "$(inherited) @executable_path/Frameworks";
				PRODUCT_BUNDLE_IDENTIFIER = "com.mbsoft.iOsNube-Uno";
				PRODUCT_NAME = "$(TARGET_NAME)";
			};
			name = Release;
		};
/* End XCBuildConfiguration section */

/* Begin XCConfigurationList section */
		844D166C1C27A8270025DBD8 /* Build configuration list for PBXProject "iOsNube-Uno" */ = {
			isa = XCConfigurationList;
			buildConfigurations = (
				844D16811C27A8270025DBD8 /* Debug */,
				844D16821C27A8270025DBD8 /* Release */,
			);
			defaultConfigurationIsVisible = 0;
			defaultConfigurationName = Release;
		};
		844D16831C27A8270025DBD8 /* Build configuration list for PBXNativeTarget "iOsNube-Uno" */ = {
			isa = XCConfigurationList;
			buildConfigurations = (
				844D16841C27A8270025DBD8 /* Debug */,
				844D16851C27A8270025DBD8 /* Release */,
			);
			defaultConfigurationIsVisible = 0;
		};
/* End XCConfigurationList section */
	};
	rootObject = 844D16691C27A8270025DBD8 /* Project object */;
}
